
Microsoft Visual Studio Solution File, Format Version 12.00
# Visual Studio Version 17
VisualStudioVersion = 17.2.32317.152
MinimumVisualStudioVersion = 10.0.40219.1
Project("{9A19103F-16F7-4668-BE54-9A1E7A4F7556}") = "GreeControl.Proxy", "GreeControl.Proxy\GreeControl.Proxy.csproj", "{1A2B6FE2-CE2F-413E-A85C-244800D204A6}"
EndProject
Project("{FAE04EC0-301F-11D3-BF4B-00C04F79EFBC}") = "GreeControl.Sdk", "GreeControl.Sdk\GreeControl.Sdk.csproj", "{9B7B99EF-E96E-47C2-9A66-E8264B77EA9A}"
EndProject
Project("{9A19103F-16F7-4668-BE54-9A1E7A4F7556}") = "GreeNativeSdk", "GreeNativeSdk\GreeNativeSdk.csproj", "{9AD36CB8-C5EC-4360-A557-A425295F99DA}"
EndProject
Global
	GlobalSection(SolutionConfigurationPlatforms) = preSolution
		Debug|Any CPU = Debug|Any CPU
		Release|Any CPU = Release|Any CPU
	EndGlobalSection
	GlobalSection(ProjectConfigurationPlatforms) = postSolution
		{1A2B6FE2-CE2F-413E-A85C-244800D204A6}.Debug|Any CPU.ActiveCfg = Debug|Any CPU
		{1A2B6FE2-CE2F-413E-A85C-244800D204A6}.Debug|Any CPU.Build.0 = Debug|Any CPU
		{1A2B6FE2-CE2F-413E-A85C-244800D204A6}.Release|Any CPU.ActiveCfg = Release|Any CPU
		{1A2B6FE2-CE2F-413E-A85C-244800D204A6}.Release|Any CPU.Build.0 = Release|Any CPU
		{9AD36CB8-C5EC-4360-A557-A425295F99DA}.Debug|Any CPU.ActiveCfg = Debug|Any CPU
		{9AD36CB8-C5EC-4360-A557-A425295F99DA}.Debug|Any CPU.Build.0 = Debug|Any CPU
		{9AD36CB8-C5EC-4360-A557-A425295F99DA}.Release|Any CPU.ActiveCfg = Release|Any CPU
		{9AD36CB8-C5EC-4360-A557-A425295F99DA}.Release|Any CPU.Build.0 = Release|Any CPU
		{9B7B99EF-E96E-47C2-9A66-E8264B77EA9A}.Debug|Any CPU.ActiveCfg = Debug|Any CPU
		{9B7B99EF-E96E-47C2-9A66-E8264B77EA9A}.Debug|Any CPU.Build.0 = Debug|Any CPU
		{9B7B99EF-E96E-47C2-9A66-E8264B77EA9A}.Release|Any CPU.ActiveCfg = Release|Any CPU
		{9B7B99EF-E96E-47C2-9A66-E8264B77EA9A}.Release|Any CPU.Build.0 = Release|Any CPU
	EndGlobalSection
	GlobalSection(SolutionProperties) = preSolution
		HideSolutionNode = FALSE
	EndGlobalSection
	GlobalSection(ExtensibilityGlobals) = postSolution
		SolutionGuid = {31B39224-1702-497F-9706-D0685FBE4004}
	EndGlobalSection
EndGlobal
